
Microsoft Visual Studio Solution File, Format Version 12.00
# Visual Studio Version 16
VisualStudioVersion = 16.0.28922.388
MinimumVisualStudioVersion = 10.0.40219.1
Project("{FAE04EC0-301F-11D3-BF4B-00C04F79EFBC}") = "Proj1", "Proj1\Proj1.csproj", "{8504CE5D-8BF8-4A3E-A530-AE97644119F3}"
EndProject
Project("{FAE04EC0-301F-11D3-BF4B-00C04F79EFBC}") = "Proj2", "Proj2\Proj2.csproj", "{F453582C-BDFC-4290-AAFA-AB708AE10C57}"
EndProject
Project("{FAE04EC0-301F-11D3-BF4B-00C04F79EFBC}") = "Proj3", "Proj3\Proj3.csproj", "{D0D4C3EF-9AEE-4840-8EDB-895C916B72BE}"
EndProject
Global
	GlobalSection(SolutionConfigurationPlatforms) = preSolution
		Debug|Any CPU = Debug|Any CPU
		Release|Any CPU = Release|Any CPU
	EndGlobalSection
	GlobalSection(ProjectConfigurationPlatforms) = postSolution
		{8504CE5D-8BF8-4A3E-A530-AE97644119F3}.Debug|Any CPU.ActiveCfg = Debug|Any CPU
		{8504CE5D-8BF8-4A3E-A530-AE97644119F3}.Debug|Any CPU.Build.0 = Debug|Any CPU
		{8504CE5D-8BF8-4A3E-A530-AE97644119F3}.Release|Any CPU.ActiveCfg = Release|Any CPU
		{8504CE5D-8BF8-4A3E-A530-AE97644119F3}.Release|Any CPU.Build.0 = Release|Any CPU
		{F453582C-BDFC-4290-AAFA-AB708AE10C57}.Debug|Any CPU.ActiveCfg = Debug|Any CPU
		{F453582C-BDFC-4290-AAFA-AB708AE10C57}.Debug|Any CPU.Build.0 = Debug|Any CPU
		{F453582C-BDFC-4290-AAFA-AB708AE10C57}.Release|Any CPU.ActiveCfg = Release|Any CPU
		{F453582C-BDFC-4290-AAFA-AB708AE10C57}.Release|Any CPU.Build.0 = Release|Any CPU
		{D0D4C3EF-9AEE-4840-8EDB-895C916B72BE}.Debug|Any CPU.ActiveCfg = Debug|Any CPU
		{D0D4C3EF-9AEE-4840-8EDB-895C916B72BE}.Debug|Any CPU.Build.0 = Debug|Any CPU
		{D0D4C3EF-9AEE-4840-8EDB-895C916B72BE}.Release|Any CPU.ActiveCfg = Release|Any CPU
		{D0D4C3EF-9AEE-4840-8EDB-895C916B72BE}.Release|Any CPU.Build.0 = Release|Any CPU
	EndGlobalSection
	GlobalSection(SolutionProperties) = preSolution
		HideSolutionNode = FALSE
	EndGlobalSection
	GlobalSection(ExtensibilityGlobals) = postSolution
		SolutionGuid = {6302EE37-6FF8-4A1E-B816-2C5E63AD4CD8}
	EndGlobalSection
EndGlobal
